
Microsoft Visual Studio Solution File, Format Version 12.00
# Visual Studio Version 17
VisualStudioVersion = 17.4.33110.190
MinimumVisualStudioVersion = 10.0.40219.1
Project("{FAE04EC0-301F-11D3-BF4B-00C04F79EFBC}") = "MoneyCalculator", "MoneyCalculator\MoneyCalculator.csproj", "{B0E92494-BC49-4514-A291-42E18D0607F6}"
EndProject
Global
	GlobalSection(SolutionConfigurationPlatforms) = preSolution
		Debug|Any CPU = Debug|Any CPU
		Release|Any CPU = Release|Any CPU
	EndGlobalSection
	GlobalSection(ProjectConfigurationPlatforms) = postSolution
		{B0E92494-BC49-4514-A291-42E18D0607F6}.Debug|Any CPU.ActiveCfg = Debug|Any CPU
		{B0E92494-BC49-4514-A291-42E18D0607F6}.Debug|Any CPU.Build.0 = Debug|Any CPU
		{B0E92494-BC49-4514-A291-42E18D0607F6}.Release|Any CPU.ActiveCfg = Release|Any CPU
		{B0E92494-BC49-4514-A291-42E18D0607F6}.Release|Any CPU.Build.0 = Release|Any CPU
	EndGlobalSection
	GlobalSection(SolutionProperties) = preSolution
		HideSolutionNode = FALSE
	EndGlobalSection
	GlobalSection(ExtensibilityGlobals) = postSolution
		SolutionGuid = {0E7AA1E8-3720-48E4-88B6-D3F884F2604B}
	EndGlobalSection
EndGlobal
